{
  "nodes": {
    "flake-compat": {
      "flake": false,
      "locked": {
        "lastModified": 1767039857,
        "narHash": "sha256-vNpUSpF5Nuw8xvDLj2KCwwksIbjua2LZCqhV1LNRDns=",
        "owner": "edolstra",
        "repo": "flake-compat",
        "rev": "5edf11c44bc78a0d334f6334cdaf7d60d732daab",
        "type": "github"
      },
      "original": {
        "owner": "edolstra",
        "repo": "flake-compat",
        "type": "github"
      }
    },
    "flake-parts": {
      "inputs": {
        "nixpkgs-lib": "nixpkgs-lib"
      },
      "locked": {
        "lastModified": 1772408722,
        "narHash": "sha256-rHuJtdcOjK7rAHpHphUb1iCvgkU3GpfvicLMwwnfMT0=",
        "owner": "hercules-ci",
        "repo": "flake-parts",
        "rev": "f20dc5d9b8027381c474144ecabc9034d6a839a3",
        "type": "github"
      },
      "original": {
        "owner": "hercules-ci",
        "repo": "flake-parts",
        "type": "github"
      }
    },
    "home-manager": {
      "inputs": {
        "nixpkgs": [
          "nixpkgs"
        ]
      },
      "locked": {
        "lastModified": 1774371786,
        "narHash": "sha256-ag1HUJv0SDBqKAYxwWlvAE2gBsEk3XYFvWtmdAHFz7E=",
        "owner": "nix-community",
        "repo": "home-manager",
        "rev": "b8cb89f2c4f7006b17b4aa5d8b39b95b93b559d8",
        "type": "github"
      },
      "original": {
        "owner": "nix-community",
        "repo": "home-manager",
        "type": "github"
      }
    },
    "import-tree": {
      "locked": {
        "lastModified": 1773693634,
        "narHash": "sha256-BtZ2dtkBdSUnFPPFc+n0kcMbgaTxzFNPv2iaO326Ffg=",
        "owner": "vic",
        "repo": "import-tree",
        "rev": "c41e7d58045f9057880b0d85e1152d6a4430dbf1",
        "type": "github"
      },
      "original": {
        "owner": "vic",
        "repo": "import-tree",
        "type": "github"
      }
    },
    "nixos-wsl": {
      "inputs": {
        "flake-compat": "flake-compat",
        "nixpkgs": [
          "nixpkgs"
        ]
      },
      "locked": {
        "lastModified": 1773882647,
        "narHash": "sha256-VzcOcE0LLpEnyoxLuMuptZ9ZWCkSBn99bTgEQoz5Viw=",
        "owner": "nix-community",
        "repo": "NixOS-WSL",
        "rev": "fd0eae98d1ecee31024271f8d64676250a386ee7",
        "type": "github"
      },
      "original": {
        "owner": "nix-community",
        "repo": "NixOS-WSL",
        "type": "github"
      }
    },
    "nixpkgs": {
      "locked": {
        "lastModified": 1774106199,
        "narHash": "sha256-US5Tda2sKmjrg2lNHQL3jRQ6p96cgfWh3J1QBliQ8Ws=",
        "owner": "NixOS",
        "repo": "nixpkgs",
        "rev": "6c9a78c09ff4d6c21d0319114873508a6ec01655",
        "type": "github"
      },
      "original": {
        "owner": "NixOS",
        "ref": "nixos-unstable",
        "repo": "nixpkgs",
        "type": "github"
      }
    },
    "nixpkgs-lib": {
      "locked": {
        "lastModified": 1772328832,
        "narHash": "sha256-e+/T/pmEkLP6BHhYjx6GmwP5ivonQQn0bJdH9YrRB+Q=",
        "owner": "nix-community",
        "repo": "nixpkgs.lib",
        "rev": "c185c7a5e5dd8f9add5b2f8ebeff00888b070742",
        "type": "github"
      },
      "original": {
        "owner": "nix-community",
        "repo": "nixpkgs.lib",
        "type": "github"
      }
    },
    "nixpkgs_2": {
      "locked": {
        "lastModified": 1773840656,
        "narHash": "sha256-9tpvMGFteZnd3gRQZFlRCohVpqooygFuy9yjuyRL2C0=",
        "owner": "NixOS",
        "repo": "nixpkgs",
        "rev": "9cf7092bdd603554bd8b63c216e8943cf9b12512",
        "type": "github"
      },
      "original": {
        "owner": "NixOS",
        "ref": "nixpkgs-unstable",
        "repo": "nixpkgs",
        "type": "github"
      }
    },
    "root": {
      "inputs": {
        "flake-parts": "flake-parts",
        "home-manager": "home-manager",
        "import-tree": "import-tree",
        "nixos-wsl": "nixos-wsl",
        "nixpkgs": "nixpkgs",
        "sops-nix": "sops-nix",
        "wrapper-modules": "wrapper-modules"
      }
    },
    "sops-nix": {
      "inputs": {
        "nixpkgs": [
          "nixpkgs"
        ]
      },
      "locked": {
        "lastModified": 1774303811,
        "narHash": "sha256-fhG4JAcLgjKwt+XHbjs8brpWnyKUfU4LikLm3s0Q/ic=",
        "owner": "Mic92",
        "repo": "sops-nix",
        "rev": "614e256310e0a4f8a9ccae3fa80c11844fba7042",
        "type": "github"
      },
      "original": {
        "owner": "Mic92",
        "repo": "sops-nix",
        "type": "github"
      }
    },
    "wrapper-modules": {
      "inputs": {
        "nixpkgs": "nixpkgs_2"
      },
      "locked": {
        "lastModified": 1774337247,
        "narHash": "sha256-835jMfBfjR2nHNcfYJp32fsH/2Kk9bmnz70nzmaR1yQ=",
        "owner": "BirdeeHub",
        "repo": "nix-wrapper-modules",
        "rev": "50517537c7f4d60cbadbfa8adec74c05518d8718",
        "type": "github"
      },
      "original": {
        "owner": "BirdeeHub",
        "repo": "nix-wrapper-modules",
        "type": "github"
      }
    }
  },
  "root": "root",
  "version": 7
}
